
Microsoft Visual Studio Solution File, Format Version 12.00
# Visual Studio Version 16
VisualStudioVersion = 16.0.30717.126
MinimumVisualStudioVersion = 10.0.40219.1
Project("{FAE04EC0-301F-11D3-BF4B-00C04F79EFBC}") = "Airship", "Airship\Airship.csproj", "{20CBC0B7-E088-4D4C-AC94-BD82DD81CE75}"
EndProject
Global
	GlobalSection(SolutionConfigurationPlatforms) = preSolution
		Debug|Any CPU = Debug|Any CPU
		Release|Any CPU = Release|Any CPU
	EndGlobalSection
	GlobalSection(ProjectConfigurationPlatforms) = postSolution
		{20CBC0B7-E088-4D4C-AC94-BD82DD81CE75}.Debug|Any CPU.ActiveCfg = Debug|Any CPU
		{20CBC0B7-E088-4D4C-AC94-BD82DD81CE75}.Debug|Any CPU.Build.0 = Debug|Any CPU
		{20CBC0B7-E088-4D4C-AC94-BD82DD81CE75}.Release|Any CPU.ActiveCfg = Release|Any CPU
		{20CBC0B7-E088-4D4C-AC94-BD82DD81CE75}.Release|Any CPU.Build.0 = Release|Any CPU
	EndGlobalSection
	GlobalSection(SolutionProperties) = preSolution
		HideSolutionNode = FALSE
	EndGlobalSection
	GlobalSection(ExtensibilityGlobals) = postSolution
		SolutionGuid = {03DB9E0B-C4B6-4AD6-9F34-10408EE996C0}
	EndGlobalSection
EndGlobal
